// !$*UTF8*$!
{
	archiveVersion = 1;
	classes = {
	};
	objectVersion = 50;
	objects = {

/* Begin PBXBuildFile section */
		5D65333F20F725790040475B /* SwiftPhoneFormat.framework in Frameworks */ = {isa = PBXBuildFile; fileRef = 5D65333520F725790040475B /* SwiftPhoneFormat.framework */; };
		5D65334420F725790040475B /* SwiftPhoneFormatTests.swift in Sources */ = {isa = PBXBuildFile; fileRef = 5D65334320F725790040475B /* SwiftPhoneFormatTests.swift */; };
		5D65334620F725790040475B /* SwiftPhoneFormat.h in Headers */ = {isa = PBXBuildFile; fileRef = 5D65333820F725790040475B /* SwiftPhoneFormat.h */; settings = {ATTRIBUTES = (Public, ); }; };
		5D65335A20F7271F0040475B /* AppDelegate.swift in Sources */ = {isa = PBXBuildFile; fileRef = 5D65335920F7271F0040475B /* AppDelegate.swift */; };
		5D65335C20F7271F0040475B /* ViewController.swift in Sources */ = {isa = PBXBuildFile; fileRef = 5D65335B20F7271F0040475B /* ViewController.swift */; };
		5D65335F20F7271F0040475B /* Main.storyboard in Resources */ = {isa = PBXBuildFile; fileRef = 5D65335D20F7271F0040475B /* Main.storyboard */; };
		5D65336120F727200040475B /* Assets.xcassets in Resources */ = {isa = PBXBuildFile; fileRef = 5D65336020F727200040475B /* Assets.xcassets */; };
		5D65336420F727200040475B /* LaunchScreen.storyboard in Resources */ = {isa = PBXBuildFile; fileRef = 5D65336220F727200040475B /* LaunchScreen.storyboard */; };
		5D65336920F727440040475B /* SwiftPhoneFormat.framework in Frameworks */ = {isa = PBXBuildFile; fileRef = 5D65333520F725790040475B /* SwiftPhoneFormat.framework */; };
		5D65336A20F727440040475B /* SwiftPhoneFormat.framework in Embed Frameworks */ = {isa = PBXBuildFile; fileRef = 5D65333520F725790040475B /* SwiftPhoneFormat.framework */; settings = {ATTRIBUTES = (CodeSignOnCopy, RemoveHeadersOnCopy, ); }; };
		5D65337720F727870040475B /* USRuleset.swift in Sources */ = {isa = PBXBuildFile; fileRef = 5D65337020F727870040475B /* USRuleset.swift */; };
		5D65337820F727870040475B /* PhoneFormatType.swift in Sources */ = {isa = PBXBuildFile; fileRef = 5D65337220F727870040475B /* PhoneFormatType.swift */; };
		5D65337920F727870040475B /* PhoneFormatRuleset.swift in Sources */ = {isa = PBXBuildFile; fileRef = 5D65337320F727870040475B /* PhoneFormatRuleset.swift */; };
		5D65337A20F727870040475B /* PhoneFormatter.swift in Sources */ = {isa = PBXBuildFile; fileRef = 5D65337420F727870040475B /* PhoneFormatter.swift */; };
		5D65337B20F727870040475B /* PhoneFormatSeparator.swift in Sources */ = {isa = PBXBuildFile; fileRef = 5D65337520F727870040475B /* PhoneFormatSeparator.swift */; };
		5D65337C20F727870040475B /* PhoneNumberFormatRule.swift in Sources */ = {isa = PBXBuildFile; fileRef = 5D65337620F727870040475B /* PhoneNumberFormatRule.swift */; };
/* End PBXBuildFile section */

/* Begin PBXContainerItemProxy section */
		5D65334020F725790040475B /* PBXContainerItemProxy */ = {
			isa = PBXContainerItemProxy;
			containerPortal = 5D65332C20F725790040475B /* Project object */;
			proxyType = 1;
			remoteGlobalIDString = 5D65333420F725790040475B;
			remoteInfo = SwiftPhoneFormat;
		};
		5D65336B20F727440040475B /* PBXContainerItemProxy */ = {
			isa = PBXContainerItemProxy;
			containerPortal = 5D65332C20F725790040475B /* Project object */;
			proxyType = 1;
			remoteGlobalIDString = 5D65333420F725790040475B;
			remoteInfo = SwiftPhoneFormat;
		};
/* End PBXContainerItemProxy section */

/* Begin PBXCopyFilesBuildPhase section */
		5D65336D20F727440040475B /* Embed Frameworks */ = {
			isa = PBXCopyFilesBuildPhase;
			buildActionMask = 2147483647;
			dstPath = "";
			dstSubfolderSpec = 10;
			files = (
				5D65336A20F727440040475B /* SwiftPhoneFormat.framework in Embed Frameworks */,
			);
			name = "Embed Frameworks";
			runOnlyForDeploymentPostprocessing = 0;
		};
/* End PBXCopyFilesBuildPhase section */

/* Begin PBXFileReference section */
		5D65333520F725790040475B /* SwiftPhoneFormat.framework */ = {isa = PBXFileReference; explicitFileType = wrapper.framework; includeInIndex = 0; path = SwiftPhoneFormat.framework; sourceTree = BUILT_PRODUCTS_DIR; };
		5D65333820F725790040475B /* SwiftPhoneFormat.h */ = {isa = PBXFileReference; lastKnownFileType = sourcecode.c.h; path = SwiftPhoneFormat.h; sourceTree = "<group>"; };
		5D65333920F725790040475B /* Info.plist */ = {isa = PBXFileReference; lastKnownFileType = text.plist.xml; path = Info.plist; sourceTree = "<group>"; };
		5D65333E20F725790040475B /* SwiftPhoneFormatTests.xctest */ = {isa = PBXFileReference; explicitFileType = wrapper.cfbundle; includeInIndex = 0; path = SwiftPhoneFormatTests.xctest; sourceTree = BUILT_PRODUCTS_DIR; };
		5D65334320F725790040475B /* SwiftPhoneFormatTests.swift */ = {isa = PBXFileReference; lastKnownFileType = sourcecode.swift; path = SwiftPhoneFormatTests.swift; sourceTree = "<group>"; };
		5D65334520F725790040475B /* Info.plist */ = {isa = PBXFileReference; lastKnownFileType = text.plist.xml; path = Info.plist; sourceTree = "<group>"; };
		5D65335020F725E30040475B /* CHANGELOG */ = {isa = PBXFileReference; lastKnownFileType = text; path = CHANGELOG; sourceTree = "<group>"; };
		5D65335220F725E30040475B /* SwiftPhoneFormat.podspec */ = {isa = PBXFileReference; lastKnownFileType = text; path = SwiftPhoneFormat.podspec; sourceTree = "<group>"; };
		5D65335720F7271F0040475B /* SwiftPhoneFormatExample.app */ = {isa = PBXFileReference; explicitFileType = wrapper.application; includeInIndex = 0; path = SwiftPhoneFormatExample.app; sourceTree = BUILT_PRODUCTS_DIR; };
		5D65335920F7271F0040475B /* AppDelegate.swift */ = {isa = PBXFileReference; lastKnownFileType = sourcecode.swift; path = AppDelegate.swift; sourceTree = "<group>"; };
		5D65335B20F7271F0040475B /* ViewController.swift */ = {isa = PBXFileReference; lastKnownFileType = sourcecode.swift; path = ViewController.swift; sourceTree = "<group>"; };
		5D65335E20F7271F0040475B /* Base */ = {isa = PBXFileReference; lastKnownFileType = file.storyboard; name = Base; path = Base.lproj/Main.storyboard; sourceTree = "<group>"; };
		5D65336020F727200040475B /* Assets.xcassets */ = {isa = PBXFileReference; lastKnownFileType = folder.assetcatalog; path = Assets.xcassets; sourceTree = "<group>"; };
		5D65336320F727200040475B /* Base */ = {isa = PBXFileReference; lastKnownFileType = file.storyboard; name = Base; path = Base.lproj/LaunchScreen.storyboard; sourceTree = "<group>"; };
		5D65336520F727200040475B /* Info.plist */ = {isa = PBXFileReference; lastKnownFileType = text.plist.xml; path = Info.plist; sourceTree = "<group>"; };
		5D65337020F727870040475B /* USRuleset.swift */ = {isa = PBXFileReference; fileEncoding = 4; lastKnownFileType = sourcecode.swift; path = USRuleset.swift; sourceTree = "<group>"; };
		5D65337220F727870040475B /* PhoneFormatType.swift */ = {isa = PBXFileReference; fileEncoding = 4; lastKnownFileType = sourcecode.swift; path = PhoneFormatType.swift; sourceTree = "<group>"; };
		5D65337320F727870040475B /* PhoneFormatRuleset.swift */ = {isa = PBXFileReference; fileEncoding = 4; lastKnownFileType = sourcecode.swift; path = PhoneFormatRuleset.swift; sourceTree = "<group>"; };
		5D65337420F727870040475B /* PhoneFormatter.swift */ = {isa = PBXFileReference; fileEncoding = 4; lastKnownFileType = sourcecode.swift; path = PhoneFormatter.swift; sourceTree = "<group>"; };
		5D65337520F727870040475B /* PhoneFormatSeparator.swift */ = {isa = PBXFileReference; fileEncoding = 4; lastKnownFileType = sourcecode.swift; path = PhoneFormatSeparator.swift; sourceTree = "<group>"; };
		5D65337620F727870040475B /* PhoneNumberFormatRule.swift */ = {isa = PBXFileReference; fileEncoding = 4; lastKnownFileType = sourcecode.swift; path = PhoneNumberFormatRule.swift; sourceTree = "<group>"; };
		5D65337D20F72BF60040475B /* README.md */ = {isa = PBXFileReference; lastKnownFileType = net.daringfireball.markdown; path = README.md; sourceTree = "<group>"; };
/* End PBXFileReference section */

/* Begin PBXFrameworksBuildPhase section */
		5D65333120F725790040475B /* Frameworks */ = {
			isa = PBXFrameworksBuildPhase;
			buildActionMask = 2147483647;
			files = (
			);
			runOnlyForDeploymentPostprocessing = 0;
		};
		5D65333B20F725790040475B /* Frameworks */ = {
			isa = PBXFrameworksBuildPhase;
			buildActionMask = 2147483647;
			files = (
				5D65333F20F725790040475B /* SwiftPhoneFormat.framework in Frameworks */,
			);
			runOnlyForDeploymentPostprocessing = 0;
		};
		5D65335420F7271F0040475B /* Frameworks */ = {
			isa = PBXFrameworksBuildPhase;
			buildActionMask = 2147483647;
			files = (
				5D65336920F727440040475B /* SwiftPhoneFormat.framework in Frameworks */,
			);
			runOnlyForDeploymentPostprocessing = 0;
		};
/* End PBXFrameworksBuildPhase section */

/* Begin PBXGroup section */
		5D65332B20F725790040475B = {
			isa = PBXGroup;
			children = (
				5D65337D20F72BF60040475B /* README.md */,
				5D65335220F725E30040475B /* SwiftPhoneFormat.podspec */,
				5D65335020F725E30040475B /* CHANGELOG */,
				5D65333720F725790040475B /* SwiftPhoneFormat */,
				5D65334220F725790040475B /* SwiftPhoneFormatTests */,
				5D65335820F7271F0040475B /* SwiftPhoneFormatExample */,
				5D65333620F725790040475B /* Products */,
			);
			sourceTree = "<group>";
		};
		5D65333620F725790040475B /* Products */ = {
			isa = PBXGroup;
			children = (
				5D65333520F725790040475B /* SwiftPhoneFormat.framework */,
				5D65333E20F725790040475B /* SwiftPhoneFormatTests.xctest */,
				5D65335720F7271F0040475B /* SwiftPhoneFormatExample.app */,
			);
			name = Products;
			sourceTree = "<group>";
		};
		5D65333720F725790040475B /* SwiftPhoneFormat */ = {
			isa = PBXGroup;
			children = (
				5D65334F20F7257F0040475B /* Source */,
				5D65333820F725790040475B /* SwiftPhoneFormat.h */,
				5D65333920F725790040475B /* Info.plist */,
			);
			path = SwiftPhoneFormat;
			sourceTree = "<group>";
		};
		5D65334220F725790040475B /* SwiftPhoneFormatTests */ = {
			isa = PBXGroup;
			children = (
				5D65334320F725790040475B /* SwiftPhoneFormatTests.swift */,
				5D65334520F725790040475B /* Info.plist */,
			);
			path = SwiftPhoneFormatTests;
			sourceTree = "<group>";
		};
		5D65334F20F7257F0040475B /* Source */ = {
			isa = PBXGroup;
			children = (
				5D65337120F727870040475B /* Formatting */,
				5D65336E20F727870040475B /* RuleSets */,
			);
			path = Source;
			sourceTree = "<group>";
		};
		5D65335820F7271F0040475B /* SwiftPhoneFormatExample */ = {
			isa = PBXGroup;
			children = (
				5D65335920F7271F0040475B /* AppDelegate.swift */,
				5D65335B20F7271F0040475B /* ViewController.swift */,
				5D65335D20F7271F0040475B /* Main.storyboard */,
				5D65336020F727200040475B /* Assets.xcassets */,
				5D65336220F727200040475B /* LaunchScreen.storyboard */,
				5D65336520F727200040475B /* Info.plist */,
			);
			path = SwiftPhoneFormatExample;
			sourceTree = "<group>";
		};
		5D65336E20F727870040475B /* RuleSets */ = {
			isa = PBXGroup;
			children = (
				5D65336F20F727870040475B /* us */,
			);
			path = RuleSets;
			sourceTree = "<group>";
		};
		5D65336F20F727870040475B /* us */ = {
			isa = PBXGroup;
			children = (
				5D65337020F727870040475B /* USRuleset.swift */,
			);
			path = us;
			sourceTree = "<group>";
		};
		5D65337120F727870040475B /* Formatting */ = {
			isa = PBXGroup;
			children = (
				5D65337220F727870040475B /* PhoneFormatType.swift */,
				5D65337320F727870040475B /* PhoneFormatRuleset.swift */,
				5D65337420F727870040475B /* PhoneFormatter.swift */,
				5D65337520F727870040475B /* PhoneFormatSeparator.swift */,
				5D65337620F727870040475B /* PhoneNumberFormatRule.swift */,
			);
			path = Formatting;
			sourceTree = "<group>";
		};
/* End PBXGroup section */

/* Begin PBXHeadersBuildPhase section */
		5D65333220F725790040475B /* Headers */ = {
			isa = PBXHeadersBuildPhase;
			buildActionMask = 2147483647;
			files = (
				5D65334620F725790040475B /* SwiftPhoneFormat.h in Headers */,
			);
			runOnlyForDeploymentPostprocessing = 0;
		};
/* End PBXHeadersBuildPhase section */

/* Begin PBXNativeTarget section */
		5D65333420F725790040475B /* SwiftPhoneFormat */ = {
			isa = PBXNativeTarget;
			buildConfigurationList = 5D65334920F725790040475B /* Build configuration list for PBXNativeTarget "SwiftPhoneFormat" */;
			buildPhases = (
				5D65333020F725790040475B /* Sources */,
				5D65333120F725790040475B /* Frameworks */,
				5D65333220F725790040475B /* Headers */,
				5D65333320F725790040475B /* Resources */,
			);
			buildRules = (
			);
			dependencies = (
			);
			name = SwiftPhoneFormat;
			productName = SwiftPhoneFormat;
			productReference = 5D65333520F725790040475B /* SwiftPhoneFormat.framework */;
			productType = "com.apple.product-type.framework";
		};
		5D65333D20F725790040475B /* SwiftPhoneFormatTests */ = {
			isa = PBXNativeTarget;
			buildConfigurationList = 5D65334C20F725790040475B /* Build configuration list for PBXNativeTarget "SwiftPhoneFormatTests" */;
			buildPhases = (
				5D65333A20F725790040475B /* Sources */,
				5D65333B20F725790040475B /* Frameworks */,
				5D65333C20F725790040475B /* Resources */,
			);
			buildRules = (
			);
			dependencies = (
				5D65334120F725790040475B /* PBXTargetDependency */,
			);
			name = SwiftPhoneFormatTests;
			productName = SwiftPhoneFormatTests;
			productReference = 5D65333E20F725790040475B /* SwiftPhoneFormatTests.xctest */;
			productType = "com.apple.product-type.bundle.unit-test";
		};
		5D65335620F7271F0040475B /* SwiftPhoneFormatExample */ = {
			isa = PBXNativeTarget;
			buildConfigurationList = 5D65336620F727200040475B /* Build configuration list for PBXNativeTarget "SwiftPhoneFormatExample" */;
			buildPhases = (
				5D65335320F7271F0040475B /* Sources */,
				5D65335420F7271F0040475B /* Frameworks */,
				5D65335520F7271F0040475B /* Resources */,
				5D65336D20F727440040475B /* Embed Frameworks */,
			);
			buildRules = (
			);
			dependencies = (
				5D65336C20F727440040475B /* PBXTargetDependency */,
			);
			name = SwiftPhoneFormatExample;
			productName = SwiftPhoneFormatExample;
			productReference = 5D65335720F7271F0040475B /* SwiftPhoneFormatExample.app */;
			productType = "com.apple.product-type.application";
		};
/* End PBXNativeTarget section */

/* Begin PBXProject section */
		5D65332C20F725790040475B /* Project object */ = {
			isa = PBXProject;
			attributes = {
				LastSwiftUpdateCheck = 0940;
				LastUpgradeCheck = 0940;
				ORGANIZATIONNAME = aii;
				TargetAttributes = {
					5D65333420F725790040475B = {
						CreatedOnToolsVersion = 9.4.1;
					};
					5D65333D20F725790040475B = {
						CreatedOnToolsVersion = 9.4.1;
					};
					5D65335620F7271F0040475B = {
						CreatedOnToolsVersion = 9.4.1;
					};
				};
			};
			buildConfigurationList = 5D65332F20F725790040475B /* Build configuration list for PBXProject "SwiftPhoneFormat" */;
			compatibilityVersion = "Xcode 9.3";
			developmentRegion = en;
			hasScannedForEncodings = 0;
			knownRegions = (
				en,
				Base,
			);
			mainGroup = 5D65332B20F725790040475B;
			productRefGroup = 5D65333620F725790040475B /* Products */;
			projectDirPath = "";
			projectRoot = "";
			targets = (
				5D65333420F725790040475B /* SwiftPhoneFormat */,
				5D65333D20F725790040475B /* SwiftPhoneFormatTests */,
				5D65335620F7271F0040475B /* SwiftPhoneFormatExample */,
			);
		};
/* End PBXProject section */

/* Begin PBXResourcesBuildPhase section */
		5D65333320F725790040475B /* Resources */ = {
			isa = PBXResourcesBuildPhase;
			buildActionMask = 2147483647;
			files = (
			);
			runOnlyForDeploymentPostprocessing = 0;
		};
		5D65333C20F725790040475B /* Resources */ = {
			isa = PBXResourcesBuildPhase;
			buildActionMask = 2147483647;
			files = (
			);
			runOnlyForDeploymentPostprocessing = 0;
		};
		5D65335520F7271F0040475B /* Resources */ = {
			isa = PBXResourcesBuildPhase;
			buildActionMask = 2147483647;
			files = (
				5D65336420F727200040475B /* LaunchScreen.storyboard in Resources */,
				5D65336120F727200040475B /* Assets.xcassets in Resources */,
				5D65335F20F7271F0040475B /* Main.storyboard in Resources */,
			);
			runOnlyForDeploymentPostprocessing = 0;
		};
/* End PBXResourcesBuildPhase section */

/* Begin PBXSourcesBuildPhase section */
		5D65333020F725790040475B /* Sources */ = {
			isa = PBXSourcesBuildPhase;
			buildActionMask = 2147483647;
			files = (
				5D65337720F727870040475B /* USRuleset.swift in Sources */,
				5D65337A20F727870040475B /* PhoneFormatter.swift in Sources */,
				5D65337920F727870040475B /* PhoneFormatRuleset.swift in Sources */,
				5D65337820F727870040475B /* PhoneFormatType.swift in Sources */,
				5D65337C20F727870040475B /* PhoneNumberFormatRule.swift in Sources */,
				5D65337B20F727870040475B /* PhoneFormatSeparator.swift in Sources */,
			);
			runOnlyForDeploymentPostprocessing = 0;
		};
		5D65333A20F725790040475B /* Sources */ = {
			isa = PBXSourcesBuildPhase;
			buildActionMask = 2147483647;
			files = (
				5D65334420F725790040475B /* SwiftPhoneFormatTests.swift in Sources */,
			);
			runOnlyForDeploymentPostprocessing = 0;
		};
		5D65335320F7271F0040475B /* Sources */ = {
			isa = PBXSourcesBuildPhase;
			buildActionMask = 2147483647;
			files = (
				5D65335C20F7271F0040475B /* ViewController.swift in Sources */,
				5D65335A20F7271F0040475B /* AppDelegate.swift in Sources */,
			);
			runOnlyForDeploymentPostprocessing = 0;
		};
/* End PBXSourcesBuildPhase section */

/* Begin PBXTargetDependency section */
		5D65334120F725790040475B /* PBXTargetDependency */ = {
			isa = PBXTargetDependency;
			target = 5D65333420F725790040475B /* SwiftPhoneFormat */;
			targetProxy = 5D65334020F725790040475B /* PBXContainerItemProxy */;
		};
		5D65336C20F727440040475B /* PBXTargetDependency */ = {
			isa = PBXTargetDependency;
			target = 5D65333420F725790040475B /* SwiftPhoneFormat */;
			targetProxy = 5D65336B20F727440040475B /* PBXContainerItemProxy */;
		};
/* End PBXTargetDependency section */

/* Begin PBXVariantGroup section */
		5D65335D20F7271F0040475B /* Main.storyboard */ = {
			isa = PBXVariantGroup;
			children = (
				5D65335E20F7271F0040475B /* Base */,
			);
			name = Main.storyboard;
			sourceTree = "<group>";
		};
		5D65336220F727200040475B /* LaunchScreen.storyboard */ = {
			isa = PBXVariantGroup;
			children = (
				5D65336320F727200040475B /* Base */,
			);
			name = LaunchScreen.storyboard;
			sourceTree = "<group>";
		};
/* End PBXVariantGroup section */

/* Begin XCBuildConfiguration section */
		5D65334720F725790040475B /* Debug */ = {
			isa = XCBuildConfiguration;
			buildSettings = {
				ALWAYS_SEARCH_USER_PATHS = NO;
				CLANG_ANALYZER_NONNULL = YES;
				CLANG_ANALYZER_NUMBER_OBJECT_CONVERSION = YES_AGGRESSIVE;
				CLANG_CXX_LANGUAGE_STANDARD = "gnu++14";
				CLANG_CXX_LIBRARY = "libc++";
				CLANG_ENABLE_MODULES = YES;
				CLANG_ENABLE_OBJC_ARC = YES;
				CLANG_ENABLE_OBJC_WEAK = YES;
				CLANG_WARN_BLOCK_CAPTURE_AUTORELEASING = YES;
				CLANG_WARN_BOOL_CONVERSION = YES;
				CLANG_WARN_COMMA = YES;
				CLANG_WARN_CONSTANT_CONVERSION = YES;
				CLANG_WARN_DEPRECATED_OBJC_IMPLEMENTATIONS = YES;
				CLANG_WARN_DIRECT_OBJC_ISA_USAGE = YES_ERROR;
				CLANG_WARN_DOCUMENTATION_COMMENTS = YES;
				CLANG_WARN_EMPTY_BODY = YES;
				CLANG_WARN_ENUM_CONVERSION = YES;
				CLANG_WARN_INFINITE_RECURSION = YES;
				CLANG_WARN_INT_CONVERSION = YES;
				CLANG_WARN_NON_LITERAL_NULL_CONVERSION = YES;
				CLANG_WARN_OBJC_IMPLICIT_RETAIN_SELF = YES;
				CLANG_WARN_OBJC_LITERAL_CONVERSION = YES;
				CLANG_WARN_OBJC_ROOT_CLASS = YES_ERROR;
				CLANG_WARN_RANGE_LOOP_ANALYSIS = YES;
				CLANG_WARN_STRICT_PROTOTYPES = YES;
				CLANG_WARN_SUSPICIOUS_MOVE = YES;
				CLANG_WARN_UNGUARDED_AVAILABILITY = YES_AGGRESSIVE;
				CLANG_WARN_UNREACHABLE_CODE = YES;
				CLANG_WARN__DUPLICATE_METHOD_MATCH = YES;
				CODE_SIGN_IDENTITY = "iPhone Developer";
				COPY_PHASE_STRIP = NO;
				CURRENT_PROJECT_VERSION = 1;
				DEBUG_INFORMATION_FORMAT = dwarf;
				ENABLE_STRICT_OBJC_MSGSEND = YES;
				ENABLE_TESTABILITY = YES;
				GCC_C_LANGUAGE_STANDARD = gnu11;
				GCC_DYNAMIC_NO_PIC = NO;
				GCC_NO_COMMON_BLOCKS = YES;
				GCC_OPTIMIZATION_LEVEL = 0;
				GCC_PREPROCESSOR_DEFINITIONS = (
					"DEBUG=1",
					"$(inherited)",
				);
				GCC_WARN_64_TO_32_BIT_CONVERSION = YES;
				GCC_WARN_ABOUT_RETURN_TYPE = YES_ERROR;
				GCC_WARN_UNDECLARED_SELECTOR = YES;
				GCC_WARN_UNINITIALIZED_AUTOS = YES_AGGRESSIVE;
				GCC_WARN_UNUSED_FUNCTION = YES;
				GCC_WARN_UNUSED_VARIABLE = YES;
				IPHONEOS_DEPLOYMENT_TARGET = 11.4;
				MTL_ENABLE_DEBUG_INFO = YES;
				ONLY_ACTIVE_ARCH = YES;
				SDKROOT = iphoneos;
				SWIFT_ACTIVE_COMPILATION_CONDITIONS = DEBUG;
				SWIFT_OPTIMIZATION_LEVEL = "-Onone";
				VERSIONING_SYSTEM = "apple-generic";
				VERSION_INFO_PREFIX = "";
			};
			name = Debug;
		};
		5D65334820F725790040475B /* Release */ = {
			isa = XCBuildConfiguration;
			buildSettings = {
				ALWAYS_SEARCH_USER_PATHS = NO;
				CLANG_ANALYZER_NONNULL = YES;
				CLANG_ANALYZER_NUMBER_OBJECT_CONVERSION = YES_AGGRESSIVE;
				CLANG_CXX_LANGUAGE_STANDARD = "gnu++14";
				CLANG_CXX_LIBRARY = "libc++";
				CLANG_ENABLE_MODULES = YES;
				CLANG_ENABLE_OBJC_ARC = YES;
				CLANG_ENABLE_OBJC_WEAK = YES;
				CLANG_WARN_BLOCK_CAPTURE_AUTORELEASING = YES;
				CLANG_WARN_BOOL_CONVERSION = YES;
				CLANG_WARN_COMMA = YES;
				CLANG_WARN_CONSTANT_CONVERSION = YES;
				CLANG_WARN_DEPRECATED_OBJC_IMPLEMENTATIONS = YES;
				CLANG_WARN_DIRECT_OBJC_ISA_USAGE = YES_ERROR;
				CLANG_WARN_DOCUMENTATION_COMMENTS = YES;
				CLANG_WARN_EMPTY_BODY = YES;
				CLANG_WARN_ENUM_CONVERSION = YES;
				CLANG_WARN_INFINITE_RECURSION = YES;
				CLANG_WARN_INT_CONVERSION = YES;
				CLANG_WARN_NON_LITERAL_NULL_CONVERSION = YES;
				CLANG_WARN_OBJC_IMPLICIT_RETAIN_SELF = YES;
				CLANG_WARN_OBJC_LITERAL_CONVERSION = YES;
				CLANG_WARN_OBJC_ROOT_CLASS = YES_ERROR;
				CLANG_WARN_RANGE_LOOP_ANALYSIS = YES;
				CLANG_WARN_STRICT_PROTOTYPES = YES;
				CLANG_WARN_SUSPICIOUS_MOVE = YES;
				CLANG_WARN_UNGUARDED_AVAILABILITY = YES_AGGRESSIVE;
				CLANG_WARN_UNREACHABLE_CODE = YES;
				CLANG_WARN__DUPLICATE_METHOD_MATCH = YES;
				CODE_SIGN_IDENTITY = "iPhone Developer";
				COPY_PHASE_STRIP = NO;
				CURRENT_PROJECT_VERSION = 1;
				DEBUG_INFORMATION_FORMAT = "dwarf-with-dsym";
				ENABLE_NS_ASSERTIONS = NO;
				ENABLE_STRICT_OBJC_MSGSEND = YES;
				GCC_C_LANGUAGE_STANDARD = gnu11;
				GCC_NO_COMMON_BLOCKS = YES;
				GCC_WARN_64_TO_32_BIT_CONVERSION = YES;
				GCC_WARN_ABOUT_RETURN_TYPE = YES_ERROR;
				GCC_WARN_UNDECLARED_SELECTOR = YES;
				GCC_WARN_UNINITIALIZED_AUTOS = YES_AGGRESSIVE;
				GCC_WARN_UNUSED_FUNCTION = YES;
				GCC_WARN_UNUSED_VARIABLE = YES;
				IPHONEOS_DEPLOYMENT_TARGET = 11.4;
				MTL_ENABLE_DEBUG_INFO = NO;
				SDKROOT = iphoneos;
				SWIFT_COMPILATION_MODE = wholemodule;
				SWIFT_OPTIMIZATION_LEVEL = "-O";
				VALIDATE_PRODUCT = YES;
				VERSIONING_SYSTEM = "apple-generic";
				VERSION_INFO_PREFIX = "";
			};
			name = Release;
		};
		5D65334A20F725790040475B /* Debug */ = {
			isa = XCBuildConfiguration;
			buildSettings = {
				CODE_SIGN_IDENTITY = "";
				CODE_SIGN_STYLE = Automatic;
				DEFINES_MODULE = YES;
				DEVELOPMENT_TEAM = GU9878X2D5;
				DYLIB_COMPATIBILITY_VERSION = 1;
				DYLIB_CURRENT_VERSION = 1;
				DYLIB_INSTALL_NAME_BASE = "@rpath";
				INFOPLIST_FILE = SwiftPhoneFormat/Info.plist;
				INSTALL_PATH = "$(LOCAL_LIBRARY_DIR)/Frameworks";
				IPHONEOS_DEPLOYMENT_TARGET = 11.0;
				LD_RUNPATH_SEARCH_PATHS = (
					"$(inherited)",
					"@executable_path/Frameworks",
					"@loader_path/Frameworks",
				);
				PRODUCT_BUNDLE_IDENTIFIER = com.aii.SwiftPhoneFormat;
				PRODUCT_NAME = "$(TARGET_NAME:c99extidentifier)";
				SKIP_INSTALL = YES;
				SWIFT_VERSION = 4.0;
				TARGETED_DEVICE_FAMILY = "1,2";
			};
			name = Debug;
		};
		5D65334B20F725790040475B /* Release */ = {
			isa = XCBuildConfiguration;
			buildSettings = {
				CODE_SIGN_IDENTITY = "";
				CODE_SIGN_STYLE = Automatic;
				DEFINES_MODULE = YES;
				DEVELOPMENT_TEAM = GU9878X2D5;
				DYLIB_COMPATIBILITY_VERSION = 1;
				DYLIB_CURRENT_VERSION = 1;
				DYLIB_INSTALL_NAME_BASE = "@rpath";
				INFOPLIST_FILE = SwiftPhoneFormat/Info.plist;
				INSTALL_PATH = "$(LOCAL_LIBRARY_DIR)/Frameworks";
				IPHONEOS_DEPLOYMENT_TARGET = 11.0;
				LD_RUNPATH_SEARCH_PATHS = (
					"$(inherited)",
					"@executable_path/Frameworks",
					"@loader_path/Frameworks",
				);
				PRODUCT_BUNDLE_IDENTIFIER = com.aii.SwiftPhoneFormat;
				PRODUCT_NAME = "$(TARGET_NAME:c99extidentifier)";
				SKIP_INSTALL = YES;
				SWIFT_VERSION = 4.0;
				TARGETED_DEVICE_FAMILY = "1,2";
			};
			name = Release;
		};
		5D65334D20F725790040475B /* Debug */ = {
			isa = XCBuildConfiguration;
			buildSettings = {
				ALWAYS_EMBED_SWIFT_STANDARD_LIBRARIES = YES;
				CODE_SIGN_STYLE = Automatic;
				DEVELOPMENT_TEAM = GU9878X2D5;
				INFOPLIST_FILE = SwiftPhoneFormatTests/Info.plist;
				LD_RUNPATH_SEARCH_PATHS = (
					"$(inherited)",
					"@executable_path/Frameworks",
					"@loader_path/Frameworks",
				);
				PRODUCT_BUNDLE_IDENTIFIER = com.aii.SwiftPhoneFormatTests;
				PRODUCT_NAME = "$(TARGET_NAME)";
				SWIFT_VERSION = 4.0;
				TARGETED_DEVICE_FAMILY = "1,2";
			};
			name = Debug;
		};
		5D65334E20F725790040475B /* Release */ = {
			isa = XCBuildConfiguration;
			buildSettings = {
				ALWAYS_EMBED_SWIFT_STANDARD_LIBRARIES = YES;
				CODE_SIGN_STYLE = Automatic;
				DEVELOPMENT_TEAM = GU9878X2D5;
				INFOPLIST_FILE = SwiftPhoneFormatTests/Info.plist;
				LD_RUNPATH_SEARCH_PATHS = (
					"$(inherited)",
					"@executable_path/Frameworks",
					"@loader_path/Frameworks",
				);
				PRODUCT_BUNDLE_IDENTIFIER = com.aii.SwiftPhoneFormatTests;
				PRODUCT_NAME = "$(TARGET_NAME)";
				SWIFT_VERSION = 4.0;
				TARGETED_DEVICE_FAMILY = "1,2";
			};
			name = Release;
		};
		5D65336720F727200040475B /* Debug */ = {
			isa = XCBuildConfiguration;
			buildSettings = {
				ALWAYS_EMBED_SWIFT_STANDARD_LIBRARIES = YES;
				ASSETCATALOG_COMPILER_APPICON_NAME = AppIcon;
				CODE_SIGN_STYLE = Automatic;
				DEVELOPMENT_TEAM = GU9878X2D5;
				INFOPLIST_FILE = SwiftPhoneFormatExample/Info.plist;
				IPHONEOS_DEPLOYMENT_TARGET = 11.0;
				LD_RUNPATH_SEARCH_PATHS = (
					"$(inherited)",
					"@executable_path/Frameworks",
				);
				PRODUCT_BUNDLE_IDENTIFIER = com.aii.SwiftPhoneFormatExample;
				PRODUCT_NAME = "$(TARGET_NAME)";
				SWIFT_VERSION = 4.0;
				TARGETED_DEVICE_FAMILY = "1,2";
			};
			name = Debug;
		};
		5D65336820F727200040475B /* Release */ = {
			isa = XCBuildConfiguration;
			buildSettings = {
				ALWAYS_EMBED_SWIFT_STANDARD_LIBRARIES = YES;
				ASSETCATALOG_COMPILER_APPICON_NAME = AppIcon;
				CODE_SIGN_STYLE = Automatic;
				DEVELOPMENT_TEAM = GU9878X2D5;
				INFOPLIST_FILE = SwiftPhoneFormatExample/Info.plist;
				IPHONEOS_DEPLOYMENT_TARGET = 11.0;
				LD_RUNPATH_SEARCH_PATHS = (
					"$(inherited)",
					"@executable_path/Frameworks",
				);
				PRODUCT_BUNDLE_IDENTIFIER = com.aii.SwiftPhoneFormatExample;
				PRODUCT_NAME = "$(TARGET_NAME)";
				SWIFT_VERSION = 4.0;
				TARGETED_DEVICE_FAMILY = "1,2";
			};
			name = Release;
		};
/* End XCBuildConfiguration section */

/* Begin XCConfigurationList section */
		5D65332F20F725790040475B /* Build configuration list for PBXProject "SwiftPhoneFormat" */ = {
			isa = XCConfigurationList;
			buildConfigurations = (
				5D65334720F725790040475B /* Debug */,
				5D65334820F725790040475B /* Release */,
			);
			defaultConfigurationIsVisible = 0;
			defaultConfigurationName = Release;
		};
		5D65334920F725790040475B /* Build configuration list for PBXNativeTarget "SwiftPhoneFormat" */ = {
			isa = XCConfigurationList;
			buildConfigurations = (
				5D65334A20F725790040475B /* Debug */,
				5D65334B20F725790040475B /* Release */,
			);
			defaultConfigurationIsVisible = 0;
			defaultConfigurationName = Release;
		};
		5D65334C20F725790040475B /* Build configuration list for PBXNativeTarget "SwiftPhoneFormatTests" */ = {
			isa = XCConfigurationList;
			buildConfigurations = (
				5D65334D20F725790040475B /* Debug */,
				5D65334E20F725790040475B /* Release */,
			);
			defaultConfigurationIsVisible = 0;
			defaultConfigurationName = Release;
		};
		5D65336620F727200040475B /* Build configuration list for PBXNativeTarget "SwiftPhoneFormatExample" */ = {
			isa = XCConfigurationList;
			buildConfigurations = (
				5D65336720F727200040475B /* Debug */,
				5D65336820F727200040475B /* Release */,
			);
			defaultConfigurationIsVisible = 0;
			defaultConfigurationName = Release;
		};
/* End XCConfigurationList section */
	};
	rootObject = 5D65332C20F725790040475B /* Project object */;
}
